
Microsoft Visual Studio Solution File, Format Version 12.00
# Visual Studio Version 16
VisualStudioVersion = 16.0.33801.447
MinimumVisualStudioVersion = 10.0.40219.1
Project("{9A19103F-16F7-4668-BE54-9A1E7A4F7556}") = "Aula _14_09_2023", "Aula _14_09_2023\Aula _14_09_2023.csproj", "{78E23DFD-4D5E-4CBF-86C9-5DDF96A7C911}"
EndProject
Project("{9A19103F-16F7-4668-BE54-9A1E7A4F7556}") = "Aula_19_09_2023", "Aula_19_09_2023\Aula_19_09_2023.csproj", "{5911CE60-17B5-4C6F-8874-6F6C48F64368}"
EndProject
Project("{9A19103F-16F7-4668-BE54-9A1E7A4F7556}") = "Aula_26_09_2023", "Aula_26_09_2023\Aula_26_09_2023.csproj", "{971DC905-FF72-4E34-A4F3-84B3C9269D1F}"
EndProject
Project("{9A19103F-16F7-4668-BE54-9A1E7A4F7556}") = "Aula_05_10_2023 Ex01", "Atividade 01\Aula_05_10_2023 Ex01.csproj", "{8DEE0234-E3A3-4827-9970-B8CA5F4FB9BF}"
EndProject
Project("{9A19103F-16F7-4668-BE54-9A1E7A4F7556}") = "Aula 05_10_2023 Ex02", "Aula 05_10_2023 Ex02\Aula 05_10_2023 Ex02.csproj", "{6A8C94B0-B098-4847-8BB7-1CA61D332D5A}"
EndProject
Project("{9A19103F-16F7-4668-BE54-9A1E7A4F7556}") = "Aula 05_10_2023 Ex03", "Aula 05_10_2023 Ex03\Aula 05_10_2023 Ex03.csproj", "{46C8EAA8-6A2F-46F9-A163-AA43785580E9}"
EndProject
Project("{9A19103F-16F7-4668-BE54-9A1E7A4F7556}") = "Aula_17_10_2023", "Aula_17_10_2023\Aula_17_10_2023.csproj", "{84F54963-253A-4836-BDB7-DDAA2F0BE90D}"
EndProject
Project("{9A19103F-16F7-4668-BE54-9A1E7A4F7556}") = "Aula 19_10_2023_While", "Aula 19_10_2023_While\Aula 19_10_2023_While.csproj", "{5B1339B9-AE79-493F-B23F-6DF3D0B44187}"
EndProject
Project("{9A19103F-16F7-4668-BE54-9A1E7A4F7556}") = "Aula_19_10_2023_While_Ex02", "Aula_19_10_2023_While_Ex02\Aula_19_10_2023_While_Ex02.csproj", "{EBE7EB56-3D6B-4D33-B2A0-5EE3EFBC4EDB}"
EndProject
Project("{9A19103F-16F7-4668-BE54-9A1E7A4F7556}") = "Aula_19_10_2023_While_Ex03", "Aula_19_10_2023_While_Ex03\Aula_19_10_2023_While_Ex03.csproj", "{120A5A7A-23C1-42C2-B4BE-87D213D73B96}"
EndProject
Project("{9A19103F-16F7-4668-BE54-9A1E7A4F7556}") = "Aula_26_10_2023_Ex01", "Aula_26_10_2023_Ex01\Aula_26_10_2023_Ex01.csproj", "{8B90FDFF-6FB2-4241-9927-B58B7541AD4D}"
EndProject
Project("{9A19103F-16F7-4668-BE54-9A1E7A4F7556}") = "Aula_26_10_2023_Ex02", "Aula_26_10_2023_Ex02\Aula_26_10_2023_Ex02.csproj", "{3F13E695-D8F7-4043-918A-C7BAE9E6E90C}"
EndProject
Project("{9A19103F-16F7-4668-BE54-9A1E7A4F7556}") = "Aula_07_11_2023_Ex01", "Aula_07_11_2023_Ex01\Aula_07_11_2023_Ex01.csproj", "{233A98D9-EC99-4240-A52F-2E9FC28E1686}"
EndProject
Project("{9A19103F-16F7-4668-BE54-9A1E7A4F7556}") = "Aula_07_11_2023_Ex02", "Aula_07_11_2023_Ex02\Aula_07_11_2023_Ex02.csproj", "{E78AE9C5-5906-4E71-B41A-6D0978FC4FD5}"
EndProject
Project("{9A19103F-16F7-4668-BE54-9A1E7A4F7556}") = "Aula_07_11_2023_Ex03", "Aula_07_11_2023_Ex03\Aula_07_11_2023_Ex03.csproj", "{9E315A81-5891-40FF-9A43-C7DDC6E77F5A}"
EndProject
Project("{9A19103F-16F7-4668-BE54-9A1E7A4F7556}") = "Aula_09_11_2023_Ex01", "Aula_09_11_2023_Ex01\Aula_09_11_2023_Ex01.csproj", "{403D730D-CF2E-49DD-A349-F5A66B362C7B}"
EndProject
Project("{9A19103F-16F7-4668-BE54-9A1E7A4F7556}") = "Aula_14_11_2023_Ex01", "Aula_14_11_2023_Ex01\Aula_14_11_2023_Ex01.csproj", "{D0175FD9-9547-4A82-AD81-E9AFB42F6A15}"
EndProject
Project("{9A19103F-16F7-4668-BE54-9A1E7A4F7556}") = "Aula_14_11_2023_Ex02", "Aula_14_11_2023_Ex02\Aula_14_11_2023_Ex02.csproj", "{470ED2E5-A3A2-4838-9D32-2D9F14412051}"
EndProject
Project("{9A19103F-16F7-4668-BE54-9A1E7A4F7556}") = "Aula_16_11_2023_Ex03", "Aula_16_11_2023_Ex03\Aula_16_11_2023_Ex03.csproj", "{65E68299-3FFE-4ECB-8497-ECBFB7C1CBE6}"
EndProject
Project("{9A19103F-16F7-4668-BE54-9A1E7A4F7556}") = "21_11_2023_Ex01", "21_11_2023_Ex01\21_11_2023_Ex01.csproj", "{FC952A8D-5B51-47A3-84C8-2FCA57EACEE0}"
EndProject
Project("{FAE04EC0-301F-11D3-BF4B-00C04F79EFBC}") = "23_11_2023_Ex02", "23_11_2023_Ex02\23_11_2023_Ex02.csproj", "{7A02C3AC-A704-4A18-BA2B-23ADF26C110E}"
EndProject
Global
	GlobalSection(SolutionConfigurationPlatforms) = preSolution
		Debug|Any CPU = Debug|Any CPU
		Release|Any CPU = Release|Any CPU
	EndGlobalSection
	GlobalSection(ProjectConfigurationPlatforms) = postSolution
		{78E23DFD-4D5E-4CBF-86C9-5DDF96A7C911}.Debug|Any CPU.ActiveCfg = Debug|Any CPU
		{78E23DFD-4D5E-4CBF-86C9-5DDF96A7C911}.Debug|Any CPU.Build.0 = Debug|Any CPU
		{78E23DFD-4D5E-4CBF-86C9-5DDF96A7C911}.Release|Any CPU.ActiveCfg = Release|Any CPU
		{78E23DFD-4D5E-4CBF-86C9-5DDF96A7C911}.Release|Any CPU.Build.0 = Release|Any CPU
		{5911CE60-17B5-4C6F-8874-6F6C48F64368}.Debug|Any CPU.ActiveCfg = Debug|Any CPU
		{5911CE60-17B5-4C6F-8874-6F6C48F64368}.Debug|Any CPU.Build.0 = Debug|Any CPU
		{5911CE60-17B5-4C6F-8874-6F6C48F64368}.Release|Any CPU.ActiveCfg = Release|Any CPU
		{5911CE60-17B5-4C6F-8874-6F6C48F64368}.Release|Any CPU.Build.0 = Release|Any CPU
		{971DC905-FF72-4E34-A4F3-84B3C9269D1F}.Debug|Any CPU.ActiveCfg = Debug|Any CPU
		{971DC905-FF72-4E34-A4F3-84B3C9269D1F}.Debug|Any CPU.Build.0 = Debug|Any CPU
		{971DC905-FF72-4E34-A4F3-84B3C9269D1F}.Release|Any CPU.ActiveCfg = Release|Any CPU
		{971DC905-FF72-4E34-A4F3-84B3C9269D1F}.Release|Any CPU.Build.0 = Release|Any CPU
		{8DEE0234-E3A3-4827-9970-B8CA5F4FB9BF}.Debug|Any CPU.ActiveCfg = Debug|Any CPU
		{8DEE0234-E3A3-4827-9970-B8CA5F4FB9BF}.Debug|Any CPU.Build.0 = Debug|Any CPU
		{8DEE0234-E3A3-4827-9970-B8CA5F4FB9BF}.Release|Any CPU.ActiveCfg = Release|Any CPU
		{8DEE0234-E3A3-4827-9970-B8CA5F4FB9BF}.Release|Any CPU.Build.0 = Release|Any CPU
		{6A8C94B0-B098-4847-8BB7-1CA61D332D5A}.Debug|Any CPU.ActiveCfg = Debug|Any CPU
		{6A8C94B0-B098-4847-8BB7-1CA61D332D5A}.Debug|Any CPU.Build.0 = Debug|Any CPU
		{6A8C94B0-B098-4847-8BB7-1CA61D332D5A}.Release|Any CPU.ActiveCfg = Release|Any CPU
		{6A8C94B0-B098-4847-8BB7-1CA61D332D5A}.Release|Any CPU.Build.0 = Release|Any CPU
		{46C8EAA8-6A2F-46F9-A163-AA43785580E9}.Debug|Any CPU.ActiveCfg = Debug|Any CPU
		{46C8EAA8-6A2F-46F9-A163-AA43785580E9}.Debug|Any CPU.Build.0 = Debug|Any CPU
		{46C8EAA8-6A2F-46F9-A163-AA43785580E9}.Release|Any CPU.ActiveCfg = Release|Any CPU
		{46C8EAA8-6A2F-46F9-A163-AA43785580E9}.Release|Any CPU.Build.0 = Release|Any CPU
		{84F54963-253A-4836-BDB7-DDAA2F0BE90D}.Debug|Any CPU.ActiveCfg = Debug|Any CPU
		{84F54963-253A-4836-BDB7-DDAA2F0BE90D}.Debug|Any CPU.Build.0 = Debug|Any CPU
		{84F54963-253A-4836-BDB7-DDAA2F0BE90D}.Release|Any CPU.ActiveCfg = Release|Any CPU
		{84F54963-253A-4836-BDB7-DDAA2F0BE90D}.Release|Any CPU.Build.0 = Release|Any CPU
		{5B1339B9-AE79-493F-B23F-6DF3D0B44187}.Debug|Any CPU.ActiveCfg = Debug|Any CPU
		{5B1339B9-AE79-493F-B23F-6DF3D0B44187}.Debug|Any CPU.Build.0 = Debug|Any CPU
		{5B1339B9-AE79-493F-B23F-6DF3D0B44187}.Release|Any CPU.ActiveCfg = Release|Any CPU
		{5B1339B9-AE79-493F-B23F-6DF3D0B44187}.Release|Any CPU.Build.0 = Release|Any CPU
		{EBE7EB56-3D6B-4D33-B2A0-5EE3EFBC4EDB}.Debug|Any CPU.ActiveCfg = Debug|Any CPU
		{EBE7EB56-3D6B-4D33-B2A0-5EE3EFBC4EDB}.Debug|Any CPU.Build.0 = Debug|Any CPU
		{EBE7EB56-3D6B-4D33-B2A0-5EE3EFBC4EDB}.Release|Any CPU.ActiveCfg = Release|Any CPU
		{EBE7EB56-3D6B-4D33-B2A0-5EE3EFBC4EDB}.Release|Any CPU.Build.0 = Release|Any CPU
		{120A5A7A-23C1-42C2-B4BE-87D213D73B96}.Debug|Any CPU.ActiveCfg = Debug|Any CPU
		{120A5A7A-23C1-42C2-B4BE-87D213D73B96}.Debug|Any CPU.Build.0 = Debug|Any CPU
		{120A5A7A-23C1-42C2-B4BE-87D213D73B96}.Release|Any CPU.ActiveCfg = Release|Any CPU
		{120A5A7A-23C1-42C2-B4BE-87D213D73B96}.Release|Any CPU.Build.0 = Release|Any CPU
		{8B90FDFF-6FB2-4241-9927-B58B7541AD4D}.Debug|Any CPU.ActiveCfg = Debug|Any CPU
		{8B90FDFF-6FB2-4241-9927-B58B7541AD4D}.Debug|Any CPU.Build.0 = Debug|Any CPU
		{8B90FDFF-6FB2-4241-9927-B58B7541AD4D}.Release|Any CPU.ActiveCfg = Release|Any CPU
		{8B90FDFF-6FB2-4241-9927-B58B7541AD4D}.Release|Any CPU.Build.0 = Release|Any CPU
		{3F13E695-D8F7-4043-918A-C7BAE9E6E90C}.Debug|Any CPU.ActiveCfg = Debug|Any CPU
		{3F13E695-D8F7-4043-918A-C7BAE9E6E90C}.Debug|Any CPU.Build.0 = Debug|Any CPU
		{3F13E695-D8F7-4043-918A-C7BAE9E6E90C}.Release|Any CPU.ActiveCfg = Release|Any CPU
		{3F13E695-D8F7-4043-918A-C7BAE9E6E90C}.Release|Any CPU.Build.0 = Release|Any CPU
		{233A98D9-EC99-4240-A52F-2E9FC28E1686}.Debug|Any CPU.ActiveCfg = Debug|Any CPU
		{233A98D9-EC99-4240-A52F-2E9FC28E1686}.Debug|Any CPU.Build.0 = Debug|Any CPU
		{233A98D9-EC99-4240-A52F-2E9FC28E1686}.Release|Any CPU.ActiveCfg = Release|Any CPU
		{233A98D9-EC99-4240-A52F-2E9FC28E1686}.Release|Any CPU.Build.0 = Release|Any CPU
		{E78AE9C5-5906-4E71-B41A-6D0978FC4FD5}.Debug|Any CPU.ActiveCfg = Debug|Any CPU
		{E78AE9C5-5906-4E71-B41A-6D0978FC4FD5}.Debug|Any CPU.Build.0 = Debug|Any CPU
		{E78AE9C5-5906-4E71-B41A-6D0978FC4FD5}.Release|Any CPU.ActiveCfg = Release|Any CPU
		{E78AE9C5-5906-4E71-B41A-6D0978FC4FD5}.Release|Any CPU.Build.0 = Release|Any CPU
		{9E315A81-5891-40FF-9A43-C7DDC6E77F5A}.Debug|Any CPU.ActiveCfg = Debug|Any CPU
		{9E315A81-5891-40FF-9A43-C7DDC6E77F5A}.Debug|Any CPU.Build.0 = Debug|Any CPU
		{9E315A81-5891-40FF-9A43-C7DDC6E77F5A}.Release|Any CPU.ActiveCfg = Release|Any CPU
		{9E315A81-5891-40FF-9A43-C7DDC6E77F5A}.Release|Any CPU.Build.0 = Release|Any CPU
		{403D730D-CF2E-49DD-A349-F5A66B362C7B}.Debug|Any CPU.ActiveCfg = Debug|Any CPU
		{403D730D-CF2E-49DD-A349-F5A66B362C7B}.Debug|Any CPU.Build.0 = Debug|Any CPU
		{403D730D-CF2E-49DD-A349-F5A66B362C7B}.Release|Any CPU.ActiveCfg = Release|Any CPU
		{403D730D-CF2E-49DD-A349-F5A66B362C7B}.Release|Any CPU.Build.0 = Release|Any CPU
		{D0175FD9-9547-4A82-AD81-E9AFB42F6A15}.Debug|Any CPU.ActiveCfg = Debug|Any CPU
		{D0175FD9-9547-4A82-AD81-E9AFB42F6A15}.Debug|Any CPU.Build.0 = Debug|Any CPU
		{D0175FD9-9547-4A82-AD81-E9AFB42F6A15}.Release|Any CPU.ActiveCfg = Release|Any CPU
		{D0175FD9-9547-4A82-AD81-E9AFB42F6A15}.Release|Any CPU.Build.0 = Release|Any CPU
		{470ED2E5-A3A2-4838-9D32-2D9F14412051}.Debug|Any CPU.ActiveCfg = Debug|Any CPU
		{470ED2E5-A3A2-4838-9D32-2D9F14412051}.Debug|Any CPU.Build.0 = Debug|Any CPU
		{470ED2E5-A3A2-4838-9D32-2D9F14412051}.Release|Any CPU.ActiveCfg = Release|Any CPU
		{470ED2E5-A3A2-4838-9D32-2D9F14412051}.Release|Any CPU.Build.0 = Release|Any CPU
		{65E68299-3FFE-4ECB-8497-ECBFB7C1CBE6}.Debug|Any CPU.ActiveCfg = Debug|Any CPU
		{65E68299-3FFE-4ECB-8497-ECBFB7C1CBE6}.Debug|Any CPU.Build.0 = Debug|Any CPU
		{65E68299-3FFE-4ECB-8497-ECBFB7C1CBE6}.Release|Any CPU.ActiveCfg = Release|Any CPU
		{65E68299-3FFE-4ECB-8497-ECBFB7C1CBE6}.Release|Any CPU.Build.0 = Release|Any CPU
		{FC952A8D-5B51-47A3-84C8-2FCA57EACEE0}.Debug|Any CPU.ActiveCfg = Debug|Any CPU
		{FC952A8D-5B51-47A3-84C8-2FCA57EACEE0}.Debug|Any CPU.Build.0 = Debug|Any CPU
		{FC952A8D-5B51-47A3-84C8-2FCA57EACEE0}.Release|Any CPU.ActiveCfg = Release|Any CPU
		{FC952A8D-5B51-47A3-84C8-2FCA57EACEE0}.Release|Any CPU.Build.0 = Release|Any CPU
		{7A02C3AC-A704-4A18-BA2B-23ADF26C110E}.Debug|Any CPU.ActiveCfg = Debug|Any CPU
		{7A02C3AC-A704-4A18-BA2B-23ADF26C110E}.Debug|Any CPU.Build.0 = Debug|Any CPU
		{7A02C3AC-A704-4A18-BA2B-23ADF26C110E}.Release|Any CPU.ActiveCfg = Release|Any CPU
		{7A02C3AC-A704-4A18-BA2B-23ADF26C110E}.Release|Any CPU.Build.0 = Release|Any CPU
	EndGlobalSection
	GlobalSection(SolutionProperties) = preSolution
		HideSolutionNode = FALSE
	EndGlobalSection
	GlobalSection(ExtensibilityGlobals) = postSolution
		SolutionGuid = {487E068D-8CBE-4B79-A8DF-D85FC850C34A}
	EndGlobalSection
EndGlobal
